
Microsoft Visual Studio Solution File, Format Version 12.00
# Visual Studio Version 17
VisualStudioVersion = 17.14.36414.22 d17.14
MinimumVisualStudioVersion = 10.0.40219.1
Project("{FAE04EC0-301F-11D3-BF4B-00C04F79EFBC}") = "ArcTriggerUI", "ArcTriggerUI.csproj", "{C6139EAC-3873-4D5F-8F5E-1A3AD828D4E2}"
EndProject
Global
	GlobalSection(SolutionConfigurationPlatforms) = preSolution
		Debug|Any CPU = Debug|Any CPU
		Release|Any CPU = Release|Any CPU
	EndGlobalSection
	GlobalSection(ProjectConfigurationPlatforms) = postSolution
		{C6139EAC-3873-4D5F-8F5E-1A3AD828D4E2}.Debug|Any CPU.ActiveCfg = Debug|Any CPU
		{C6139EAC-3873-4D5F-8F5E-1A3AD828D4E2}.Debug|Any CPU.Build.0 = Debug|Any CPU
		{C6139EAC-3873-4D5F-8F5E-1A3AD828D4E2}.Release|Any CPU.ActiveCfg = Release|Any CPU
		{C6139EAC-3873-4D5F-8F5E-1A3AD828D4E2}.Release|Any CPU.Build.0 = Release|Any CPU
	EndGlobalSection
	GlobalSection(SolutionProperties) = preSolution
		HideSolutionNode = FALSE
	EndGlobalSection
	GlobalSection(ExtensibilityGlobals) = postSolution
		SolutionGuid = {E9CF4486-6C77-4579-BB65-2175D8D6B843}
	EndGlobalSection
EndGlobal
